
Microsoft Visual Studio Solution File, Format Version 12.00
# Visual Studio 15
VisualStudioVersion = 15.0.26228.4
MinimumVisualStudioVersion = 10.0.40219.1
Project("{D954291E-2A0B-460D-934E-DC6B0785DB48}") = "UISleuth", "Source\UISleuth\UISleuth.shproj", "{3775943C-2DA1-4EBB-8756-1B2E339B52E1}"
EndProject
Project("{FAE04EC0-301F-11D3-BF4B-00C04F79EFBC}") = "UISleuth.Android", "Source\UISleuth.Android\UISleuth.Android.csproj", "{985C14BD-8CDE-4657-B7C6-C53D9F722D7E}"
EndProject
Project("{FAE04EC0-301F-11D3-BF4B-00C04F79EFBC}") = "UISleuth.Android.App", "Source\UISleuth.Android.App\UISleuth.Android.App.csproj", "{000E801A-87BE-4079-8DDF-6C1193970742}"
EndProject
Project("{FAE04EC0-301F-11D3-BF4B-00C04F79EFBC}") = "Tests", "Source\Tests\Tests.csproj", "{E644268B-CD06-437A-87E9-54F805E91375}"
EndProject
Project("{FAE04EC0-301F-11D3-BF4B-00C04F79EFBC}") = "UISleuth.iOS", "Source\UISleuth.iOS\UISleuth.iOS.csproj", "{97BE345E-4C91-49DB-A06E-DC2C3AA73E99}"
EndProject
Project("{FAE04EC0-301F-11D3-BF4B-00C04F79EFBC}") = "UISleuth.iOS.App", "Source\UISleuth.iOS.App\UISleuth.iOS.App.csproj", "{1D5F88E7-6841-4504-8195-71530EA01E61}"
EndProject
Global
	GlobalSection(SharedMSBuildProjectFiles) = preSolution
		Source\UISleuth\UISleuth.projitems*{3775943c-2da1-4ebb-8756-1b2e339b52e1}*SharedItemsImports = 13
		Source\UISleuth\UISleuth.projitems*{97be345e-4c91-49db-a06e-dc2c3aa73e99}*SharedItemsImports = 4
		Source\UISleuth\UISleuth.projitems*{985c14bd-8cde-4657-b7c6-c53d9f722d7e}*SharedItemsImports = 4
		Source\UISleuth\UISleuth.projitems*{e644268b-cd06-437a-87e9-54f805e91375}*SharedItemsImports = 4
	EndGlobalSection
	GlobalSection(SolutionConfigurationPlatforms) = preSolution
		Ad-Hoc|Any CPU = Ad-Hoc|Any CPU
		Ad-Hoc|ARM = Ad-Hoc|ARM
		Ad-Hoc|iPhone = Ad-Hoc|iPhone
		Ad-Hoc|iPhoneSimulator = Ad-Hoc|iPhoneSimulator
		Ad-Hoc|x64 = Ad-Hoc|x64
		Ad-Hoc|x86 = Ad-Hoc|x86
		AppStore|Any CPU = AppStore|Any CPU
		AppStore|ARM = AppStore|ARM
		AppStore|iPhone = AppStore|iPhone
		AppStore|iPhoneSimulator = AppStore|iPhoneSimulator
		AppStore|x64 = AppStore|x64
		AppStore|x86 = AppStore|x86
		Debug|Any CPU = Debug|Any CPU
		Debug|ARM = Debug|ARM
		Debug|iPhone = Debug|iPhone
		Debug|iPhoneSimulator = Debug|iPhoneSimulator
		Debug|x64 = Debug|x64
		Debug|x86 = Debug|x86
		Release|Any CPU = Release|Any CPU
		Release|ARM = Release|ARM
		Release|iPhone = Release|iPhone
		Release|iPhoneSimulator = Release|iPhoneSimulator
		Release|x64 = Release|x64
		Release|x86 = Release|x86
	EndGlobalSection
	GlobalSection(ProjectConfigurationPlatforms) = postSolution
		{985C14BD-8CDE-4657-B7C6-C53D9F722D7E}.Ad-Hoc|Any CPU.ActiveCfg = Release|Any CPU
		{985C14BD-8CDE-4657-B7C6-C53D9F722D7E}.Ad-Hoc|Any CPU.Build.0 = Release|Any CPU
		{985C14BD-8CDE-4657-B7C6-C53D9F722D7E}.Ad-Hoc|ARM.ActiveCfg = Debug|Any CPU
		{985C14BD-8CDE-4657-B7C6-C53D9F722D7E}.Ad-Hoc|ARM.Build.0 = Debug|Any CPU
		{985C14BD-8CDE-4657-B7C6-C53D9F722D7E}.Ad-Hoc|iPhone.ActiveCfg = Release|Any CPU
		{985C14BD-8CDE-4657-B7C6-C53D9F722D7E}.Ad-Hoc|iPhone.Build.0 = Release|Any CPU
		{985C14BD-8CDE-4657-B7C6-C53D9F722D7E}.Ad-Hoc|iPhoneSimulator.ActiveCfg = Release|Any CPU
		{985C14BD-8CDE-4657-B7C6-C53D9F722D7E}.Ad-Hoc|iPhoneSimulator.Build.0 = Release|Any CPU
		{985C14BD-8CDE-4657-B7C6-C53D9F722D7E}.Ad-Hoc|x64.ActiveCfg = Debug|Any CPU
		{985C14BD-8CDE-4657-B7C6-C53D9F722D7E}.Ad-Hoc|x64.Build.0 = Debug|Any CPU
		{985C14BD-8CDE-4657-B7C6-C53D9F722D7E}.Ad-Hoc|x86.ActiveCfg = Debug|Any CPU
		{985C14BD-8CDE-4657-B7C6-C53D9F722D7E}.Ad-Hoc|x86.Build.0 = Debug|Any CPU
		{985C14BD-8CDE-4657-B7C6-C53D9F722D7E}.AppStore|Any CPU.ActiveCfg = Release|Any CPU
		{985C14BD-8CDE-4657-B7C6-C53D9F722D7E}.AppStore|Any CPU.Build.0 = Release|Any CPU
		{985C14BD-8CDE-4657-B7C6-C53D9F722D7E}.AppStore|ARM.ActiveCfg = Debug|Any CPU
		{985C14BD-8CDE-4657-B7C6-C53D9F722D7E}.AppStore|ARM.Build.0 = Debug|Any CPU
		{985C14BD-8CDE-4657-B7C6-C53D9F722D7E}.AppStore|iPhone.ActiveCfg = Release|Any CPU
		{985C14BD-8CDE-4657-B7C6-C53D9F722D7E}.AppStore|iPhone.Build.0 = Release|Any CPU
		{985C14BD-8CDE-4657-B7C6-C53D9F722D7E}.AppStore|iPhoneSimulator.ActiveCfg = Release|Any CPU
		{985C14BD-8CDE-4657-B7C6-C53D9F722D7E}.AppStore|iPhoneSimulator.Build.0 = Release|Any CPU
		{985C14BD-8CDE-4657-B7C6-C53D9F722D7E}.AppStore|x64.ActiveCfg = Debug|Any CPU
		{985C14BD-8CDE-4657-B7C6-C53D9F722D7E}.AppStore|x64.Build.0 = Debug|Any CPU
		{985C14BD-8CDE-4657-B7C6-C53D9F722D7E}.AppStore|x86.ActiveCfg = Debug|Any CPU
		{985C14BD-8CDE-4657-B7C6-C53D9F722D7E}.AppStore|x86.Build.0 = Debug|Any CPU
		{985C14BD-8CDE-4657-B7C6-C53D9F722D7E}.Debug|Any CPU.ActiveCfg = Debug|Any CPU
		{985C14BD-8CDE-4657-B7C6-C53D9F722D7E}.Debug|Any CPU.Build.0 = Debug|Any CPU
		{985C14BD-8CDE-4657-B7C6-C53D9F722D7E}.Debug|ARM.ActiveCfg = Debug|Any CPU
		{985C14BD-8CDE-4657-B7C6-C53D9F722D7E}.Debug|ARM.Build.0 = Debug|Any CPU
		{985C14BD-8CDE-4657-B7C6-C53D9F722D7E}.Debug|iPhone.ActiveCfg = Debug|Any CPU
		{985C14BD-8CDE-4657-B7C6-C53D9F722D7E}.Debug|iPhone.Build.0 = Debug|Any CPU
		{985C14BD-8CDE-4657-B7C6-C53D9F722D7E}.Debug|iPhoneSimulator.ActiveCfg = Debug|Any CPU
		{985C14BD-8CDE-4657-B7C6-C53D9F722D7E}.Debug|iPhoneSimulator.Build.0 = Debug|Any CPU
		{985C14BD-8CDE-4657-B7C6-C53D9F722D7E}.Debug|x64.ActiveCfg = Debug|Any CPU
		{985C14BD-8CDE-4657-B7C6-C53D9F722D7E}.Debug|x64.Build.0 = Debug|Any CPU
		{985C14BD-8CDE-4657-B7C6-C53D9F722D7E}.Debug|x86.ActiveCfg = Debug|Any CPU
		{985C14BD-8CDE-4657-B7C6-C53D9F722D7E}.Debug|x86.Build.0 = Debug|Any CPU
		{985C14BD-8CDE-4657-B7C6-C53D9F722D7E}.Release|Any CPU.ActiveCfg = Release|Any CPU
		{985C14BD-8CDE-4657-B7C6-C53D9F722D7E}.Release|Any CPU.Build.0 = Release|Any CPU
		{985C14BD-8CDE-4657-B7C6-C53D9F722D7E}.Release|ARM.ActiveCfg = Release|Any CPU
		{985C14BD-8CDE-4657-B7C6-C53D9F722D7E}.Release|ARM.Build.0 = Release|Any CPU
		{985C14BD-8CDE-4657-B7C6-C53D9F722D7E}.Release|iPhone.ActiveCfg = Release|Any CPU
		{985C14BD-8CDE-4657-B7C6-C53D9F722D7E}.Release|iPhone.Build.0 = Release|Any CPU
		{985C14BD-8CDE-4657-B7C6-C53D9F722D7E}.Release|iPhoneSimulator.ActiveCfg = Release|Any CPU
		{985C14BD-8CDE-4657-B7C6-C53D9F722D7E}.Release|iPhoneSimulator.Build.0 = Release|Any CPU
		{985C14BD-8CDE-4657-B7C6-C53D9F722D7E}.Release|x64.ActiveCfg = Release|Any CPU
		{985C14BD-8CDE-4657-B7C6-C53D9F722D7E}.Release|x64.Build.0 = Release|Any CPU
		{985C14BD-8CDE-4657-B7C6-C53D9F722D7E}.Release|x86.ActiveCfg = Release|Any CPU
		{985C14BD-8CDE-4657-B7C6-C53D9F722D7E}.Release|x86.Build.0 = Release|Any CPU
		{000E801A-87BE-4079-8DDF-6C1193970742}.Ad-Hoc|Any CPU.ActiveCfg = Release|Any CPU
		{000E801A-87BE-4079-8DDF-6C1193970742}.Ad-Hoc|Any CPU.Build.0 = Release|Any CPU
		{000E801A-87BE-4079-8DDF-6C1193970742}.Ad-Hoc|Any CPU.Deploy.0 = Release|Any CPU
		{000E801A-87BE-4079-8DDF-6C1193970742}.Ad-Hoc|ARM.ActiveCfg = Debug|Any CPU
		{000E801A-87BE-4079-8DDF-6C1193970742}.Ad-Hoc|ARM.Build.0 = Debug|Any CPU
		{000E801A-87BE-4079-8DDF-6C1193970742}.Ad-Hoc|ARM.Deploy.0 = Debug|Any CPU
		{000E801A-87BE-4079-8DDF-6C1193970742}.Ad-Hoc|iPhone.ActiveCfg = Release|Any CPU
		{000E801A-87BE-4079-8DDF-6C1193970742}.Ad-Hoc|iPhone.Build.0 = Release|Any CPU
		{000E801A-87BE-4079-8DDF-6C1193970742}.Ad-Hoc|iPhone.Deploy.0 = Release|Any CPU
		{000E801A-87BE-4079-8DDF-6C1193970742}.Ad-Hoc|iPhoneSimulator.ActiveCfg = Release|Any CPU
		{000E801A-87BE-4079-8DDF-6C1193970742}.Ad-Hoc|iPhoneSimulator.Build.0 = Release|Any CPU
		{000E801A-87BE-4079-8DDF-6C1193970742}.Ad-Hoc|iPhoneSimulator.Deploy.0 = Release|Any CPU
		{000E801A-87BE-4079-8DDF-6C1193970742}.Ad-Hoc|x64.ActiveCfg = Debug|Any CPU
		{000E801A-87BE-4079-8DDF-6C1193970742}.Ad-Hoc|x64.Build.0 = Debug|Any CPU
		{000E801A-87BE-4079-8DDF-6C1193970742}.Ad-Hoc|x64.Deploy.0 = Debug|Any CPU
		{000E801A-87BE-4079-8DDF-6C1193970742}.Ad-Hoc|x86.ActiveCfg = Debug|Any CPU
		{000E801A-87BE-4079-8DDF-6C1193970742}.Ad-Hoc|x86.Build.0 = Debug|Any CPU
		{000E801A-87BE-4079-8DDF-6C1193970742}.Ad-Hoc|x86.Deploy.0 = Debug|Any CPU
		{000E801A-87BE-4079-8DDF-6C1193970742}.AppStore|Any CPU.ActiveCfg = Release|Any CPU
		{000E801A-87BE-4079-8DDF-6C1193970742}.AppStore|Any CPU.Build.0 = Release|Any CPU
		{000E801A-87BE-4079-8DDF-6C1193970742}.AppStore|Any CPU.Deploy.0 = Release|Any CPU
		{000E801A-87BE-4079-8DDF-6C1193970742}.AppStore|ARM.ActiveCfg = Debug|Any CPU
		{000E801A-87BE-4079-8DDF-6C1193970742}.AppStore|ARM.Build.0 = Debug|Any CPU
		{000E801A-87BE-4079-8DDF-6C1193970742}.AppStore|ARM.Deploy.0 = Debug|Any CPU
		{000E801A-87BE-4079-8DDF-6C1193970742}.AppStore|iPhone.ActiveCfg = Release|Any CPU
		{000E801A-87BE-4079-8DDF-6C1193970742}.AppStore|iPhone.Build.0 = Release|Any CPU
		{000E801A-87BE-4079-8DDF-6C1193970742}.AppStore|iPhone.Deploy.0 = Release|Any CPU
		{000E801A-87BE-4079-8DDF-6C1193970742}.AppStore|iPhoneSimulator.ActiveCfg = Release|Any CPU
		{000E801A-87BE-4079-8DDF-6C1193970742}.AppStore|iPhoneSimulator.Build.0 = Release|Any CPU
		{000E801A-87BE-4079-8DDF-6C1193970742}.AppStore|iPhoneSimulator.Deploy.0 = Release|Any CPU
		{000E801A-87BE-4079-8DDF-6C1193970742}.AppStore|x64.ActiveCfg = Debug|Any CPU
		{000E801A-87BE-4079-8DDF-6C1193970742}.AppStore|x64.Build.0 = Debug|Any CPU
		{000E801A-87BE-4079-8DDF-6C1193970742}.AppStore|x64.Deploy.0 = Debug|Any CPU
		{000E801A-87BE-4079-8DDF-6C1193970742}.AppStore|x86.ActiveCfg = Debug|Any CPU
		{000E801A-87BE-4079-8DDF-6C1193970742}.AppStore|x86.Build.0 = Debug|Any CPU
		{000E801A-87BE-4079-8DDF-6C1193970742}.AppStore|x86.Deploy.0 = Debug|Any CPU
		{000E801A-87BE-4079-8DDF-6C1193970742}.Debug|Any CPU.ActiveCfg = Debug|Any CPU
		{000E801A-87BE-4079-8DDF-6C1193970742}.Debug|Any CPU.Build.0 = Debug|Any CPU
		{000E801A-87BE-4079-8DDF-6C1193970742}.Debug|Any CPU.Deploy.0 = Debug|Any CPU
		{000E801A-87BE-4079-8DDF-6C1193970742}.Debug|ARM.ActiveCfg = Debug|Any CPU
		{000E801A-87BE-4079-8DDF-6C1193970742}.Debug|ARM.Build.0 = Debug|Any CPU
		{000E801A-87BE-4079-8DDF-6C1193970742}.Debug|ARM.Deploy.0 = Debug|Any CPU
		{000E801A-87BE-4079-8DDF-6C1193970742}.Debug|iPhone.ActiveCfg = Debug|Any CPU
		{000E801A-87BE-4079-8DDF-6C1193970742}.Debug|iPhone.Build.0 = Debug|Any CPU
		{000E801A-87BE-4079-8DDF-6C1193970742}.Debug|iPhone.Deploy.0 = Debug|Any CPU
		{000E801A-87BE-4079-8DDF-6C1193970742}.Debug|iPhoneSimulator.ActiveCfg = Debug|Any CPU
		{000E801A-87BE-4079-8DDF-6C1193970742}.Debug|iPhoneSimulator.Build.0 = Debug|Any CPU
		{000E801A-87BE-4079-8DDF-6C1193970742}.Debug|iPhoneSimulator.Deploy.0 = Debug|Any CPU
		{000E801A-87BE-4079-8DDF-6C1193970742}.Debug|x64.ActiveCfg = Debug|Any CPU
		{000E801A-87BE-4079-8DDF-6C1193970742}.Debug|x64.Build.0 = Debug|Any CPU
		{000E801A-87BE-4079-8DDF-6C1193970742}.Debug|x64.Deploy.0 = Debug|Any CPU
		{000E801A-87BE-4079-8DDF-6C1193970742}.Debug|x86.ActiveCfg = Debug|Any CPU
		{000E801A-87BE-4079-8DDF-6C1193970742}.Debug|x86.Build.0 = Debug|Any CPU
		{000E801A-87BE-4079-8DDF-6C1193970742}.Debug|x86.Deploy.0 = Debug|Any CPU
		{000E801A-87BE-4079-8DDF-6C1193970742}.Release|Any CPU.ActiveCfg = Release|Any CPU
		{000E801A-87BE-4079-8DDF-6C1193970742}.Release|Any CPU.Build.0 = Release|Any CPU
		{000E801A-87BE-4079-8DDF-6C1193970742}.Release|Any CPU.Deploy.0 = Release|Any CPU
		{000E801A-87BE-4079-8DDF-6C1193970742}.Release|ARM.ActiveCfg = Release|Any CPU
		{000E801A-87BE-4079-8DDF-6C1193970742}.Release|ARM.Build.0 = Release|Any CPU
		{000E801A-87BE-4079-8DDF-6C1193970742}.Release|ARM.Deploy.0 = Release|Any CPU
		{000E801A-87BE-4079-8DDF-6C1193970742}.Release|iPhone.ActiveCfg = Release|Any CPU
		{000E801A-87BE-4079-8DDF-6C1193970742}.Release|iPhone.Build.0 = Release|Any CPU
		{000E801A-87BE-4079-8DDF-6C1193970742}.Release|iPhone.Deploy.0 = Release|Any CPU
		{000E801A-87BE-4079-8DDF-6C1193970742}.Release|iPhoneSimulator.ActiveCfg = Release|Any CPU
		{000E801A-87BE-4079-8DDF-6C1193970742}.Release|iPhoneSimulator.Build.0 = Release|Any CPU
		{000E801A-87BE-4079-8DDF-6C1193970742}.Release|iPhoneSimulator.Deploy.0 = Release|Any CPU
		{000E801A-87BE-4079-8DDF-6C1193970742}.Release|x64.ActiveCfg = Release|Any CPU
		{000E801A-87BE-4079-8DDF-6C1193970742}.Release|x64.Build.0 = Release|Any CPU
		{000E801A-87BE-4079-8DDF-6C1193970742}.Release|x64.Deploy.0 = Release|Any CPU
		{000E801A-87BE-4079-8DDF-6C1193970742}.Release|x86.ActiveCfg = Release|Any CPU
		{000E801A-87BE-4079-8DDF-6C1193970742}.Release|x86.Build.0 = Release|Any CPU
		{000E801A-87BE-4079-8DDF-6C1193970742}.Release|x86.Deploy.0 = Release|Any CPU
		{E644268B-CD06-437A-87E9-54F805E91375}.Ad-Hoc|Any CPU.ActiveCfg = Release|Any CPU
		{E644268B-CD06-437A-87E9-54F805E91375}.Ad-Hoc|Any CPU.Build.0 = Release|Any CPU
		{E644268B-CD06-437A-87E9-54F805E91375}.Ad-Hoc|ARM.ActiveCfg = Debug|Any CPU
		{E644268B-CD06-437A-87E9-54F805E91375}.Ad-Hoc|ARM.Build.0 = Debug|Any CPU
		{E644268B-CD06-437A-87E9-54F805E91375}.Ad-Hoc|iPhone.ActiveCfg = Release|Any CPU
		{E644268B-CD06-437A-87E9-54F805E91375}.Ad-Hoc|iPhone.Build.0 = Release|Any CPU
		{E644268B-CD06-437A-87E9-54F805E91375}.Ad-Hoc|iPhoneSimulator.ActiveCfg = Release|Any CPU
		{E644268B-CD06-437A-87E9-54F805E91375}.Ad-Hoc|iPhoneSimulator.Build.0 = Release|Any CPU
		{E644268B-CD06-437A-87E9-54F805E91375}.Ad-Hoc|x64.ActiveCfg = Debug|Any CPU
		{E644268B-CD06-437A-87E9-54F805E91375}.Ad-Hoc|x64.Build.0 = Debug|Any CPU
		{E644268B-CD06-437A-87E9-54F805E91375}.Ad-Hoc|x86.ActiveCfg = Debug|Any CPU
		{E644268B-CD06-437A-87E9-54F805E91375}.Ad-Hoc|x86.Build.0 = Debug|Any CPU
		{E644268B-CD06-437A-87E9-54F805E91375}.AppStore|Any CPU.ActiveCfg = Release|Any CPU
		{E644268B-CD06-437A-87E9-54F805E91375}.AppStore|Any CPU.Build.0 = Release|Any CPU
		{E644268B-CD06-437A-87E9-54F805E91375}.AppStore|ARM.ActiveCfg = Debug|Any CPU
		{E644268B-CD06-437A-87E9-54F805E91375}.AppStore|ARM.Build.0 = Debug|Any CPU
		{E644268B-CD06-437A-87E9-54F805E91375}.AppStore|iPhone.ActiveCfg = Release|Any CPU
		{E644268B-CD06-437A-87E9-54F805E91375}.AppStore|iPhone.Build.0 = Release|Any CPU
		{E644268B-CD06-437A-87E9-54F805E91375}.AppStore|iPhoneSimulator.ActiveCfg = Release|Any CPU
		{E644268B-CD06-437A-87E9-54F805E91375}.AppStore|iPhoneSimulator.Build.0 = Release|Any CPU
		{E644268B-CD06-437A-87E9-54F805E91375}.AppStore|x64.ActiveCfg = Debug|Any CPU
		{E644268B-CD06-437A-87E9-54F805E91375}.AppStore|x64.Build.0 = Debug|Any CPU
		{E644268B-CD06-437A-87E9-54F805E91375}.AppStore|x86.ActiveCfg = Debug|Any CPU
		{E644268B-CD06-437A-87E9-54F805E91375}.AppStore|x86.Build.0 = Debug|Any CPU
		{E644268B-CD06-437A-87E9-54F805E91375}.Debug|Any CPU.ActiveCfg = Debug|Any CPU
		{E644268B-CD06-437A-87E9-54F805E91375}.Debug|Any CPU.Build.0 = Debug|Any CPU
		{E644268B-CD06-437A-87E9-54F805E91375}.Debug|ARM.ActiveCfg = Debug|Any CPU
		{E644268B-CD06-437A-87E9-54F805E91375}.Debug|ARM.Build.0 = Debug|Any CPU
		{E644268B-CD06-437A-87E9-54F805E91375}.Debug|iPhone.ActiveCfg = Debug|Any CPU
		{E644268B-CD06-437A-87E9-54F805E91375}.Debug|iPhone.Build.0 = Debug|Any CPU
		{E644268B-CD06-437A-87E9-54F805E91375}.Debug|iPhoneSimulator.ActiveCfg = Debug|Any CPU
		{E644268B-CD06-437A-87E9-54F805E91375}.Debug|iPhoneSimulator.Build.0 = Debug|Any CPU
		{E644268B-CD06-437A-87E9-54F805E91375}.Debug|x64.ActiveCfg = Debug|Any CPU
		{E644268B-CD06-437A-87E9-54F805E91375}.Debug|x64.Build.0 = Debug|Any CPU
		{E644268B-CD06-437A-87E9-54F805E91375}.Debug|x86.ActiveCfg = Debug|Any CPU
		{E644268B-CD06-437A-87E9-54F805E91375}.Debug|x86.Build.0 = Debug|Any CPU
		{E644268B-CD06-437A-87E9-54F805E91375}.Release|Any CPU.ActiveCfg = Release|Any CPU
		{E644268B-CD06-437A-87E9-54F805E91375}.Release|Any CPU.Build.0 = Release|Any CPU
		{E644268B-CD06-437A-87E9-54F805E91375}.Release|ARM.ActiveCfg = Release|Any CPU
		{E644268B-CD06-437A-87E9-54F805E91375}.Release|ARM.Build.0 = Release|Any CPU
		{E644268B-CD06-437A-87E9-54F805E91375}.Release|iPhone.ActiveCfg = Release|Any CPU
		{E644268B-CD06-437A-87E9-54F805E91375}.Release|iPhone.Build.0 = Release|Any CPU
		{E644268B-CD06-437A-87E9-54F805E91375}.Release|iPhoneSimulator.ActiveCfg = Release|Any CPU
		{E644268B-CD06-437A-87E9-54F805E91375}.Release|iPhoneSimulator.Build.0 = Release|Any CPU
		{E644268B-CD06-437A-87E9-54F805E91375}.Release|x64.ActiveCfg = Release|Any CPU
		{E644268B-CD06-437A-87E9-54F805E91375}.Release|x64.Build.0 = Release|Any CPU
		{E644268B-CD06-437A-87E9-54F805E91375}.Release|x86.ActiveCfg = Release|Any CPU
		{E644268B-CD06-437A-87E9-54F805E91375}.Release|x86.Build.0 = Release|Any CPU
		{97BE345E-4C91-49DB-A06E-DC2C3AA73E99}.Ad-Hoc|Any CPU.ActiveCfg = Release|Any CPU
		{97BE345E-4C91-49DB-A06E-DC2C3AA73E99}.Ad-Hoc|Any CPU.Build.0 = Release|Any CPU
		{97BE345E-4C91-49DB-A06E-DC2C3AA73E99}.Ad-Hoc|ARM.ActiveCfg = Debug|Any CPU
		{97BE345E-4C91-49DB-A06E-DC2C3AA73E99}.Ad-Hoc|ARM.Build.0 = Debug|Any CPU
		{97BE345E-4C91-49DB-A06E-DC2C3AA73E99}.Ad-Hoc|iPhone.ActiveCfg = Release|Any CPU
		{97BE345E-4C91-49DB-A06E-DC2C3AA73E99}.Ad-Hoc|iPhone.Build.0 = Release|Any CPU
		{97BE345E-4C91-49DB-A06E-DC2C3AA73E99}.Ad-Hoc|iPhoneSimulator.ActiveCfg = Release|Any CPU
		{97BE345E-4C91-49DB-A06E-DC2C3AA73E99}.Ad-Hoc|iPhoneSimulator.Build.0 = Release|Any CPU
		{97BE345E-4C91-49DB-A06E-DC2C3AA73E99}.Ad-Hoc|x64.ActiveCfg = Debug|Any CPU
		{97BE345E-4C91-49DB-A06E-DC2C3AA73E99}.Ad-Hoc|x64.Build.0 = Debug|Any CPU
		{97BE345E-4C91-49DB-A06E-DC2C3AA73E99}.Ad-Hoc|x86.ActiveCfg = Debug|Any CPU
		{97BE345E-4C91-49DB-A06E-DC2C3AA73E99}.Ad-Hoc|x86.Build.0 = Debug|Any CPU
		{97BE345E-4C91-49DB-A06E-DC2C3AA73E99}.AppStore|Any CPU.ActiveCfg = Release|Any CPU
		{97BE345E-4C91-49DB-A06E-DC2C3AA73E99}.AppStore|Any CPU.Build.0 = Release|Any CPU
		{97BE345E-4C91-49DB-A06E-DC2C3AA73E99}.AppStore|ARM.ActiveCfg = Debug|Any CPU
		{97BE345E-4C91-49DB-A06E-DC2C3AA73E99}.AppStore|ARM.Build.0 = Debug|Any CPU
		{97BE345E-4C91-49DB-A06E-DC2C3AA73E99}.AppStore|iPhone.ActiveCfg = Release|Any CPU
		{97BE345E-4C91-49DB-A06E-DC2C3AA73E99}.AppStore|iPhone.Build.0 = Release|Any CPU
		{97BE345E-4C91-49DB-A06E-DC2C3AA73E99}.AppStore|iPhoneSimulator.ActiveCfg = Release|Any CPU
		{97BE345E-4C91-49DB-A06E-DC2C3AA73E99}.AppStore|iPhoneSimulator.Build.0 = Release|Any CPU
		{97BE345E-4C91-49DB-A06E-DC2C3AA73E99}.AppStore|x64.ActiveCfg = Debug|Any CPU
		{97BE345E-4C91-49DB-A06E-DC2C3AA73E99}.AppStore|x64.Build.0 = Debug|Any CPU
		{97BE345E-4C91-49DB-A06E-DC2C3AA73E99}.AppStore|x86.ActiveCfg = Debug|Any CPU
		{97BE345E-4C91-49DB-A06E-DC2C3AA73E99}.AppStore|x86.Build.0 = Debug|Any CPU
		{97BE345E-4C91-49DB-A06E-DC2C3AA73E99}.Debug|Any CPU.ActiveCfg = Debug|Any CPU
		{97BE345E-4C91-49DB-A06E-DC2C3AA73E99}.Debug|Any CPU.Build.0 = Debug|Any CPU
		{97BE345E-4C91-49DB-A06E-DC2C3AA73E99}.Debug|ARM.ActiveCfg = Debug|Any CPU
		{97BE345E-4C91-49DB-A06E-DC2C3AA73E99}.Debug|ARM.Build.0 = Debug|Any CPU
		{97BE345E-4C91-49DB-A06E-DC2C3AA73E99}.Debug|iPhone.ActiveCfg = Debug|Any CPU
		{97BE345E-4C91-49DB-A06E-DC2C3AA73E99}.Debug|iPhone.Build.0 = Debug|Any CPU
		{97BE345E-4C91-49DB-A06E-DC2C3AA73E99}.Debug|iPhoneSimulator.ActiveCfg = Debug|Any CPU
		{97BE345E-4C91-49DB-A06E-DC2C3AA73E99}.Debug|iPhoneSimulator.Build.0 = Debug|Any CPU
		{97BE345E-4C91-49DB-A06E-DC2C3AA73E99}.Debug|x64.ActiveCfg = Debug|Any CPU
		{97BE345E-4C91-49DB-A06E-DC2C3AA73E99}.Debug|x64.Build.0 = Debug|Any CPU
		{97BE345E-4C91-49DB-A06E-DC2C3AA73E99}.Debug|x86.ActiveCfg = Debug|Any CPU
		{97BE345E-4C91-49DB-A06E-DC2C3AA73E99}.Debug|x86.Build.0 = Debug|Any CPU
		{97BE345E-4C91-49DB-A06E-DC2C3AA73E99}.Release|Any CPU.ActiveCfg = Release|Any CPU
		{97BE345E-4C91-49DB-A06E-DC2C3AA73E99}.Release|Any CPU.Build.0 = Release|Any CPU
		{97BE345E-4C91-49DB-A06E-DC2C3AA73E99}.Release|ARM.ActiveCfg = Release|Any CPU
		{97BE345E-4C91-49DB-A06E-DC2C3AA73E99}.Release|ARM.Build.0 = Release|Any CPU
		{97BE345E-4C91-49DB-A06E-DC2C3AA73E99}.Release|iPhone.ActiveCfg = Release|Any CPU
		{97BE345E-4C91-49DB-A06E-DC2C3AA73E99}.Release|iPhone.Build.0 = Release|Any CPU
		{97BE345E-4C91-49DB-A06E-DC2C3AA73E99}.Release|iPhoneSimulator.ActiveCfg = Release|Any CPU
		{97BE345E-4C91-49DB-A06E-DC2C3AA73E99}.Release|iPhoneSimulator.Build.0 = Release|Any CPU
		{97BE345E-4C91-49DB-A06E-DC2C3AA73E99}.Release|x64.ActiveCfg = Release|Any CPU
		{97BE345E-4C91-49DB-A06E-DC2C3AA73E99}.Release|x64.Build.0 = Release|Any CPU
		{97BE345E-4C91-49DB-A06E-DC2C3AA73E99}.Release|x86.ActiveCfg = Release|Any CPU
		{97BE345E-4C91-49DB-A06E-DC2C3AA73E99}.Release|x86.Build.0 = Release|Any CPU
		{1D5F88E7-6841-4504-8195-71530EA01E61}.Ad-Hoc|Any CPU.ActiveCfg = Ad-Hoc|iPhone
		{1D5F88E7-6841-4504-8195-71530EA01E61}.Ad-Hoc|ARM.ActiveCfg = Ad-Hoc|iPhone
		{1D5F88E7-6841-4504-8195-71530EA01E61}.Ad-Hoc|iPhone.ActiveCfg = Ad-Hoc|iPhone
		{1D5F88E7-6841-4504-8195-71530EA01E61}.Ad-Hoc|iPhone.Build.0 = Ad-Hoc|iPhone
		{1D5F88E7-6841-4504-8195-71530EA01E61}.Ad-Hoc|iPhoneSimulator.ActiveCfg = Ad-Hoc|iPhoneSimulator
		{1D5F88E7-6841-4504-8195-71530EA01E61}.Ad-Hoc|iPhoneSimulator.Build.0 = Ad-Hoc|iPhoneSimulator
		{1D5F88E7-6841-4504-8195-71530EA01E61}.Ad-Hoc|x64.ActiveCfg = Ad-Hoc|iPhone
		{1D5F88E7-6841-4504-8195-71530EA01E61}.Ad-Hoc|x86.ActiveCfg = Ad-Hoc|iPhone
		{1D5F88E7-6841-4504-8195-71530EA01E61}.AppStore|Any CPU.ActiveCfg = AppStore|iPhone
		{1D5F88E7-6841-4504-8195-71530EA01E61}.AppStore|ARM.ActiveCfg = AppStore|iPhone
		{1D5F88E7-6841-4504-8195-71530EA01E61}.AppStore|iPhone.ActiveCfg = AppStore|iPhone
		{1D5F88E7-6841-4504-8195-71530EA01E61}.AppStore|iPhone.Build.0 = AppStore|iPhone
		{1D5F88E7-6841-4504-8195-71530EA01E61}.AppStore|iPhoneSimulator.ActiveCfg = AppStore|iPhoneSimulator
		{1D5F88E7-6841-4504-8195-71530EA01E61}.AppStore|iPhoneSimulator.Build.0 = AppStore|iPhoneSimulator
		{1D5F88E7-6841-4504-8195-71530EA01E61}.AppStore|x64.ActiveCfg = AppStore|iPhone
		{1D5F88E7-6841-4504-8195-71530EA01E61}.AppStore|x86.ActiveCfg = AppStore|iPhone
		{1D5F88E7-6841-4504-8195-71530EA01E61}.Debug|Any CPU.ActiveCfg = Debug|iPhone
		{1D5F88E7-6841-4504-8195-71530EA01E61}.Debug|ARM.ActiveCfg = Debug|iPhone
		{1D5F88E7-6841-4504-8195-71530EA01E61}.Debug|iPhone.ActiveCfg = Debug|iPhone
		{1D5F88E7-6841-4504-8195-71530EA01E61}.Debug|iPhone.Build.0 = Debug|iPhone
		{1D5F88E7-6841-4504-8195-71530EA01E61}.Debug|iPhoneSimulator.ActiveCfg = Debug|iPhoneSimulator
		{1D5F88E7-6841-4504-8195-71530EA01E61}.Debug|iPhoneSimulator.Build.0 = Debug|iPhoneSimulator
		{1D5F88E7-6841-4504-8195-71530EA01E61}.Debug|x64.ActiveCfg = Debug|iPhone
		{1D5F88E7-6841-4504-8195-71530EA01E61}.Debug|x86.ActiveCfg = Debug|iPhone
		{1D5F88E7-6841-4504-8195-71530EA01E61}.Release|Any CPU.ActiveCfg = Release|iPhone
		{1D5F88E7-6841-4504-8195-71530EA01E61}.Release|ARM.ActiveCfg = Release|iPhone
		{1D5F88E7-6841-4504-8195-71530EA01E61}.Release|iPhone.ActiveCfg = Release|iPhone
		{1D5F88E7-6841-4504-8195-71530EA01E61}.Release|iPhone.Build.0 = Release|iPhone
		{1D5F88E7-6841-4504-8195-71530EA01E61}.Release|iPhoneSimulator.ActiveCfg = Release|iPhoneSimulator
		{1D5F88E7-6841-4504-8195-71530EA01E61}.Release|iPhoneSimulator.Build.0 = Release|iPhoneSimulator
		{1D5F88E7-6841-4504-8195-71530EA01E61}.Release|x64.ActiveCfg = Release|iPhone
		{1D5F88E7-6841-4504-8195-71530EA01E61}.Release|x86.ActiveCfg = Release|iPhone
	EndGlobalSection
	GlobalSection(SolutionProperties) = preSolution
		HideSolutionNode = FALSE
	EndGlobalSection
EndGlobal
